
Microsoft Visual Studio Solution File, Format Version 12.00
# Visual Studio 15
VisualStudioVersion = 15.0.28010.2016
MinimumVisualStudioVersion = 10.0.40219.1
Project("{FAE04EC0-301F-11D3-BF4B-00C04F79EFBC}") = "UVEC", "UVEC\UVEC.csproj", "{6AB4E84E-9D3A-4C88-9D90-89C4E1B71A2C}"
EndProject
Global
	GlobalSection(SolutionConfigurationPlatforms) = preSolution
		Debug|Any CPU = Debug|Any CPU
		Release|Any CPU = Release|Any CPU
	EndGlobalSection
	GlobalSection(ProjectConfigurationPlatforms) = postSolution
		{6AB4E84E-9D3A-4C88-9D90-89C4E1B71A2C}.Debug|Any CPU.ActiveCfg = Debug|Any CPU
		{6AB4E84E-9D3A-4C88-9D90-89C4E1B71A2C}.Debug|Any CPU.Build.0 = Debug|Any CPU
		{6AB4E84E-9D3A-4C88-9D90-89C4E1B71A2C}.Release|Any CPU.ActiveCfg = Release|Any CPU
		{6AB4E84E-9D3A-4C88-9D90-89C4E1B71A2C}.Release|Any CPU.Build.0 = Release|Any CPU
	EndGlobalSection
	GlobalSection(SolutionProperties) = preSolution
		HideSolutionNode = FALSE
	EndGlobalSection
	GlobalSection(ExtensibilityGlobals) = postSolution
		SolutionGuid = {EDAD8C97-11D7-4EF8-9C52-01A1DBC16E91}
	EndGlobalSection
EndGlobal
